{
  "name": "esm",
  "version": "1.0.0",
  "lockfileVersion": 2,
  "requires": true,
  "packages": {
    "": {
      "name": "esm",
      "version": "1.0.0",
      "license": "MIT",
      "dependencies": {
        "pkg": "file:pkg"
      }
    },
    "node_modules/pkg": {
      "resolved": "pkg",
      "link": true
    },
    "pkg": {
      "version": "1.0.0",
      "license": "MIT"
    }
  },
  "dependencies": {
    "pkg": {
      "version": "file:pkg"
    }
  }
}
